
Microsoft Visual Studio Solution File, Format Version 12.00
# Visual Studio Version 17
VisualStudioVersion = 17.4.33403.182
MinimumVisualStudioVersion = 10.0.40219.1
Project("{FAE04EC0-301F-11D3-BF4B-00C04F79EFBC}") = "VentasTransactionDB", "VentasTransactionDB\VentasTransactionDB.csproj", "{5361B55C-7BA1-44C4-AF1D-7CAC934A252F}"
EndProject
Project("{FAE04EC0-301F-11D3-BF4B-00C04F79EFBC}") = "AccesoDatos", "AccesoDatos\AccesoDatos.csproj", "{5C1474F5-BCB6-4BC5-979C-FBE295BD9530}"
EndProject
Global
	GlobalSection(SolutionConfigurationPlatforms) = preSolution
		Debug|Any CPU = Debug|Any CPU
		Release|Any CPU = Release|Any CPU
	EndGlobalSection
	GlobalSection(ProjectConfigurationPlatforms) = postSolution
		{5361B55C-7BA1-44C4-AF1D-7CAC934A252F}.Debug|Any CPU.ActiveCfg = Debug|Any CPU
		{5361B55C-7BA1-44C4-AF1D-7CAC934A252F}.Debug|Any CPU.Build.0 = Debug|Any CPU
		{5361B55C-7BA1-44C4-AF1D-7CAC934A252F}.Release|Any CPU.ActiveCfg = Release|Any CPU
		{5361B55C-7BA1-44C4-AF1D-7CAC934A252F}.Release|Any CPU.Build.0 = Release|Any CPU
		{5C1474F5-BCB6-4BC5-979C-FBE295BD9530}.Debug|Any CPU.ActiveCfg = Debug|Any CPU
		{5C1474F5-BCB6-4BC5-979C-FBE295BD9530}.Debug|Any CPU.Build.0 = Debug|Any CPU
		{5C1474F5-BCB6-4BC5-979C-FBE295BD9530}.Release|Any CPU.ActiveCfg = Release|Any CPU
		{5C1474F5-BCB6-4BC5-979C-FBE295BD9530}.Release|Any CPU.Build.0 = Release|Any CPU
	EndGlobalSection
	GlobalSection(SolutionProperties) = preSolution
		HideSolutionNode = FALSE
	EndGlobalSection
	GlobalSection(ExtensibilityGlobals) = postSolution
		SolutionGuid = {B91E6C23-0D32-4582-B2BE-B9B9013F200E}
	EndGlobalSection
EndGlobal
